
Microsoft Visual Studio Solution File, Format Version 12.00
# Visual Studio Version 17
VisualStudioVersion = 17.7.34031.279
MinimumVisualStudioVersion = 10.0.40219.1
Project("{2150E333-8FDC-42A3-9474-1A3956D46DE8}") = "Task4", "Task4", "{057650D3-8A86-48AA-A84B-B6D98E3EA65C}"
EndProject
Project("{FAE04EC0-301F-11D3-BF4B-00C04F79EFBC}") = "Tyuiu.ZamyatinDY.Sprint4.Task4.V17", "Tyuiu.ZamyatinDY.Sprint4.Task4.V17\Tyuiu.ZamyatinDY.Sprint4.Task4.V17.csproj", "{F084A752-9454-4AEF-9B54-01F16B2B2604}"
EndProject
Project("{FAE04EC0-301F-11D3-BF4B-00C04F79EFBC}") = "Tyuiu.ZamyatinDY.Sprint4.Task4.V17.Lib", "Tyuiu.ZamyatinDY.Sprint4.Task4.V17.Lib\Tyuiu.ZamyatinDY.Sprint4.Task4.V17.Lib.csproj", "{650F35BB-2367-4596-B8D7-E34B38E98FCB}"
EndProject
Project("{FAE04EC0-301F-11D3-BF4B-00C04F79EFBC}") = "Tyuiu.ZamyatinDY.Sprint4.Task4.V17.Test", "Tyuiu.ZamyatinDY.Sprint4.Task4.V17.Test\Tyuiu.ZamyatinDY.Sprint4.Task4.V17.Test.csproj", "{BBA05A9F-5D15-4938-A3B5-C01DDAD39ECB}"
EndProject
Project("{2150E333-8FDC-42A3-9474-1A3956D46DE8}") = "Task5", "Task5", "{214B5CE2-6887-4BCC-A5FC-171B38A4CB33}"
EndProject
Project("{FAE04EC0-301F-11D3-BF4B-00C04F79EFBC}") = "Tyuiu.ZamyatinDY.Sprint4.Task5.V25.Lib", "Tyuiu.ZamyatinDY.Sprint4.Task5.V25.Lib\Tyuiu.ZamyatinDY.Sprint4.Task5.V25.Lib.csproj", "{765417B4-4967-4243-A0CF-B890BF5C75AC}"
EndProject
Project("{FAE04EC0-301F-11D3-BF4B-00C04F79EFBC}") = "Tyuiu.ZamyatinDY.Sprint4.Task5.V25", "Tyuiu.ZamyatinDY.Sprint4.Task5.V25\Tyuiu.ZamyatinDY.Sprint4.Task5.V25.csproj", "{1517C256-5396-49D0-87F1-F1D94D5D0911}"
EndProject
Project("{FAE04EC0-301F-11D3-BF4B-00C04F79EFBC}") = "Tyuiu.ZamyatinDY.Sprint4.Task5.V25.Test", "Tyuiu.ZamyatinDY.Sprint4.Task5.V25.Test\Tyuiu.ZamyatinDY.Sprint4.Task5.V25.Test.csproj", "{7B27DC11-BA82-422B-AC73-3BE497BDC0B8}"
EndProject
Project("{2150E333-8FDC-42A3-9474-1A3956D46DE8}") = "Task6", "Task6", "{2D5784BA-D77A-415D-A875-33C6BF440855}"
EndProject
Project("{FAE04EC0-301F-11D3-BF4B-00C04F79EFBC}") = "Tyuiu.ZamyatinDY.Sprint4.Task6.V30", "Tyuiu.ZamyatinDY.Sprint4.Task6.V30\Tyuiu.ZamyatinDY.Sprint4.Task6.V30.csproj", "{2E8A49F3-5DD0-4D4A-BFAC-8A0B7C7B3727}"
EndProject
Project("{FAE04EC0-301F-11D3-BF4B-00C04F79EFBC}") = "Tyuiu.ZamyatinDY.Sprint4.Task6.V30.Lib", "Tyuiu.ZamyatinDY.Sprint4.Task6.V30.Lib\Tyuiu.ZamyatinDY.Sprint4.Task6.V30.Lib.csproj", "{FE77BCCE-4D70-4237-A98B-DAC1C9D36367}"
EndProject
Project("{FAE04EC0-301F-11D3-BF4B-00C04F79EFBC}") = "Tyuiu.ZamyatinDY.Sprint4.Task6.V30.Test", "Tyuiu.ZamyatinDY.Sprint4.Task6.V30.Test\Tyuiu.ZamyatinDY.Sprint4.Task6.V30.Test.csproj", "{60CEE04E-5F93-4ED3-8329-522D1300C149}"
EndProject
Global
	GlobalSection(SolutionConfigurationPlatforms) = preSolution
		Debug|Any CPU = Debug|Any CPU
		Release|Any CPU = Release|Any CPU
	EndGlobalSection
	GlobalSection(ProjectConfigurationPlatforms) = postSolution
		{F084A752-9454-4AEF-9B54-01F16B2B2604}.Debug|Any CPU.ActiveCfg = Debug|Any CPU
		{F084A752-9454-4AEF-9B54-01F16B2B2604}.Debug|Any CPU.Build.0 = Debug|Any CPU
		{F084A752-9454-4AEF-9B54-01F16B2B2604}.Release|Any CPU.ActiveCfg = Release|Any CPU
		{F084A752-9454-4AEF-9B54-01F16B2B2604}.Release|Any CPU.Build.0 = Release|Any CPU
		{650F35BB-2367-4596-B8D7-E34B38E98FCB}.Debug|Any CPU.ActiveCfg = Debug|Any CPU
		{650F35BB-2367-4596-B8D7-E34B38E98FCB}.Debug|Any CPU.Build.0 = Debug|Any CPU
		{650F35BB-2367-4596-B8D7-E34B38E98FCB}.Release|Any CPU.ActiveCfg = Release|Any CPU
		{650F35BB-2367-4596-B8D7-E34B38E98FCB}.Release|Any CPU.Build.0 = Release|Any CPU
		{BBA05A9F-5D15-4938-A3B5-C01DDAD39ECB}.Debug|Any CPU.ActiveCfg = Debug|Any CPU
		{BBA05A9F-5D15-4938-A3B5-C01DDAD39ECB}.Debug|Any CPU.Build.0 = Debug|Any CPU
		{BBA05A9F-5D15-4938-A3B5-C01DDAD39ECB}.Release|Any CPU.ActiveCfg = Release|Any CPU
		{BBA05A9F-5D15-4938-A3B5-C01DDAD39ECB}.Release|Any CPU.Build.0 = Release|Any CPU
		{765417B4-4967-4243-A0CF-B890BF5C75AC}.Debug|Any CPU.ActiveCfg = Debug|Any CPU
		{765417B4-4967-4243-A0CF-B890BF5C75AC}.Debug|Any CPU.Build.0 = Debug|Any CPU
		{765417B4-4967-4243-A0CF-B890BF5C75AC}.Release|Any CPU.ActiveCfg = Release|Any CPU
		{765417B4-4967-4243-A0CF-B890BF5C75AC}.Release|Any CPU.Build.0 = Release|Any CPU
		{1517C256-5396-49D0-87F1-F1D94D5D0911}.Debug|Any CPU.ActiveCfg = Debug|Any CPU
		{1517C256-5396-49D0-87F1-F1D94D5D0911}.Debug|Any CPU.Build.0 = Debug|Any CPU
		{1517C256-5396-49D0-87F1-F1D94D5D0911}.Release|Any CPU.ActiveCfg = Release|Any CPU
		{1517C256-5396-49D0-87F1-F1D94D5D0911}.Release|Any CPU.Build.0 = Release|Any CPU
		{7B27DC11-BA82-422B-AC73-3BE497BDC0B8}.Debug|Any CPU.ActiveCfg = Debug|Any CPU
		{7B27DC11-BA82-422B-AC73-3BE497BDC0B8}.Debug|Any CPU.Build.0 = Debug|Any CPU
		{7B27DC11-BA82-422B-AC73-3BE497BDC0B8}.Release|Any CPU.ActiveCfg = Release|Any CPU
		{7B27DC11-BA82-422B-AC73-3BE497BDC0B8}.Release|Any CPU.Build.0 = Release|Any CPU
		{2E8A49F3-5DD0-4D4A-BFAC-8A0B7C7B3727}.Debug|Any CPU.ActiveCfg = Debug|Any CPU
		{2E8A49F3-5DD0-4D4A-BFAC-8A0B7C7B3727}.Debug|Any CPU.Build.0 = Debug|Any CPU
		{2E8A49F3-5DD0-4D4A-BFAC-8A0B7C7B3727}.Release|Any CPU.ActiveCfg = Release|Any CPU
		{2E8A49F3-5DD0-4D4A-BFAC-8A0B7C7B3727}.Release|Any CPU.Build.0 = Release|Any CPU
		{FE77BCCE-4D70-4237-A98B-DAC1C9D36367}.Debug|Any CPU.ActiveCfg = Debug|Any CPU
		{FE77BCCE-4D70-4237-A98B-DAC1C9D36367}.Debug|Any CPU.Build.0 = Debug|Any CPU
		{FE77BCCE-4D70-4237-A98B-DAC1C9D36367}.Release|Any CPU.ActiveCfg = Release|Any CPU
		{FE77BCCE-4D70-4237-A98B-DAC1C9D36367}.Release|Any CPU.Build.0 = Release|Any CPU
		{60CEE04E-5F93-4ED3-8329-522D1300C149}.Debug|Any CPU.ActiveCfg = Debug|Any CPU
		{60CEE04E-5F93-4ED3-8329-522D1300C149}.Debug|Any CPU.Build.0 = Debug|Any CPU
		{60CEE04E-5F93-4ED3-8329-522D1300C149}.Release|Any CPU.ActiveCfg = Release|Any CPU
		{60CEE04E-5F93-4ED3-8329-522D1300C149}.Release|Any CPU.Build.0 = Release|Any CPU
	EndGlobalSection
	GlobalSection(SolutionProperties) = preSolution
		HideSolutionNode = FALSE
	EndGlobalSection
	GlobalSection(NestedProjects) = preSolution
		{F084A752-9454-4AEF-9B54-01F16B2B2604} = {057650D3-8A86-48AA-A84B-B6D98E3EA65C}
		{650F35BB-2367-4596-B8D7-E34B38E98FCB} = {057650D3-8A86-48AA-A84B-B6D98E3EA65C}
		{BBA05A9F-5D15-4938-A3B5-C01DDAD39ECB} = {057650D3-8A86-48AA-A84B-B6D98E3EA65C}
		{765417B4-4967-4243-A0CF-B890BF5C75AC} = {214B5CE2-6887-4BCC-A5FC-171B38A4CB33}
		{1517C256-5396-49D0-87F1-F1D94D5D0911} = {214B5CE2-6887-4BCC-A5FC-171B38A4CB33}
		{7B27DC11-BA82-422B-AC73-3BE497BDC0B8} = {214B5CE2-6887-4BCC-A5FC-171B38A4CB33}
		{2E8A49F3-5DD0-4D4A-BFAC-8A0B7C7B3727} = {2D5784BA-D77A-415D-A875-33C6BF440855}
		{FE77BCCE-4D70-4237-A98B-DAC1C9D36367} = {2D5784BA-D77A-415D-A875-33C6BF440855}
		{60CEE04E-5F93-4ED3-8329-522D1300C149} = {2D5784BA-D77A-415D-A875-33C6BF440855}
	EndGlobalSection
	GlobalSection(ExtensibilityGlobals) = postSolution
		SolutionGuid = {865003A5-D78D-40CB-B71D-E09700FDA799}
	EndGlobalSection
EndGlobal
